# This file is generated by running "yarn install" inside your project.
# Manual changes might be lost - proceed with caution!

__metadata:
  version: 4

"@actions/core@npm:^1.0.0, @actions/core@npm:^1.2.0":
  version: 1.2.1
  resolution: "@actions/core@npm:1.2.1"
  checksum: a9e117b5facd379fd138b227a13832b63a794e4abf22b21973d68a403d2e96e1bd17d86bf826bd04907ec3c446873e18bd923ea85b7e325d5f27a3c58005364d
  languageName: node
  linkType: hard

"@actions/exec@npm:^1.0.0":
  version: 1.0.3
  resolution: "@actions/exec@npm:1.0.3"
  dependencies:
    "@actions/io": ^1.0.1
  checksum: e796dcd05ce2a1679f544d2562bb7013a98d7a52050f6e73f73f5a7e76d86c1406724920e0ba5d28bf6064802e144ebe2e465608d2af7b20d594c9668f1a0933
  languageName: node
  linkType: hard

"@actions/github@npm:^1.0.0":
  version: 1.1.0
  resolution: "@actions/github@npm:1.1.0"
  dependencies:
    "@octokit/graphql": ^2.0.1
    "@octokit/rest": ^16.15.0
  checksum: f5a7f29deed43f5dd9b1da7317b907d853b0558c9361360e6e049cb56fdc0710b3c3c37e9403ea4b7fa8dade8b8ef404f292a2b8eb75ad026c3b10a62c8d3dd7
  languageName: node
  linkType: hard

"@actions/http-client@npm:^1.0.1":
  version: 1.0.2
  resolution: "@actions/http-client@npm:1.0.2"
  dependencies:
    tunnel: 0.0.6
  checksum: 64a5483f991052e6787f6191a9ea5c3aa1e8ea50b065eca51f832614b177628c4d82f20263f92d109121e02b32fc5cee6497682be35c6b66f77743ab99d8d6d7
  languageName: node
  linkType: hard

"@actions/io@npm:^1.0.0, @actions/io@npm:^1.0.1":
  version: 1.0.2
  resolution: "@actions/io@npm:1.0.2"
  checksum: 85b9766ca3e5b8c06ac3707b0643d167feed5a676733a4ac27dd31a70550eb3848c038eb918180ca1bc17a8a16d2fc68eb12b8de902a673ce4e4edc7bc2afae8
  languageName: node
  linkType: hard

"@actions/tool-cache@npm:^1.0.0":
  version: 1.3.0
  resolution: "@actions/tool-cache@npm:1.3.0"
  dependencies:
    "@actions/core": ^1.2.0
    "@actions/exec": ^1.0.0
    "@actions/http-client": ^1.0.1
    "@actions/io": ^1.0.1
    semver: ^6.1.0
    uuid: ^3.3.2
  checksum: 6ab0c89f460ea11e16a504be9043f4b391b97f3cde3bf761803d48bf156a82a1e4e65bccf8334903e78d820ba2d3f6163d7ee3ed0b3d22f1ce7e2127f82e896a
  languageName: node
  linkType: hard

"@babel/code-frame@npm:^7.0.0":
  version: 7.8.3
  resolution: "@babel/code-frame@npm:7.8.3"
  dependencies:
    "@babel/highlight": ^7.8.3
  checksum: d57fde42b4403e78c783112564c3a83a2618834ff1aebf90226825171862aea4b24e4b750a2ca2b22f23a3216e1601df2c720c8f0e5041e81033b6f77a2a21d8
  languageName: node
  linkType: hard

"@babel/highlight@npm:^7.8.3":
  version: 7.8.3
  resolution: "@babel/highlight@npm:7.8.3"
  dependencies:
    chalk: ^2.0.0
    esutils: ^2.0.2
    js-tokens: ^4.0.0
  checksum: 45074f1f6a9d79d3af6c6d20bd08cf2fa139bba6db0ad9224cba8835b4c49dc385c77e249f8a83ffa7a1bda3d72a382ba0e789e39a5ea8c5531cc35e06db2de4
  languageName: node
  linkType: hard

"@octokit/endpoint@npm:^5.5.0":
  version: 5.5.1
  resolution: "@octokit/endpoint@npm:5.5.1"
  dependencies:
    "@octokit/types": ^2.0.0
    is-plain-object: ^3.0.0
    universal-user-agent: ^4.0.0
  checksum: ca9f6d7ee131c801a37daa9f9879d9aaa683dad074ec6a016f4e1b57182cc3616624f949ea969fd391b7fe6222b40370653bda2bb3a053128a117e93f923bbe4
  languageName: node
  linkType: hard

"@octokit/graphql@npm:^2.0.1":
  version: 2.1.3
  resolution: "@octokit/graphql@npm:2.1.3"
  dependencies:
    "@octokit/request": ^5.0.0
    universal-user-agent: ^2.0.3
  checksum: b45908a7d3ddd247227e09cb41f096a74f01651cdf9f681fcd5ecd349f022c1dd351a487c76dd99cb9cfaef9d3fc053d72c1a709831572f6c6a366446bd30beb
  languageName: node
  linkType: hard

"@octokit/request-error@npm:^1.0.1, @octokit/request-error@npm:^1.0.2":
  version: 1.2.0
  resolution: "@octokit/request-error@npm:1.2.0"
  dependencies:
    "@octokit/types": ^2.0.0
    deprecation: ^2.0.0
    once: ^1.4.0
  checksum: d8f8f11acdcaaa8cd51970780d4cdb53ee7c79d7b1014b47e9c94b2010c8772cbd752e2ff3310da75feb823a189342ceaa61bfb7f9424c4298c2c0cc7807dfcf
  languageName: node
  linkType: hard

"@octokit/request@npm:^5.0.0, @octokit/request@npm:^5.2.0":
  version: 5.3.1
  resolution: "@octokit/request@npm:5.3.1"
  dependencies:
    "@octokit/endpoint": ^5.5.0
    "@octokit/request-error": ^1.0.1
    "@octokit/types": ^2.0.0
    deprecation: ^2.0.0
    is-plain-object: ^3.0.0
    node-fetch: ^2.3.0
    once: ^1.4.0
    universal-user-agent: ^4.0.0
  checksum: 7b802fd270ad94b95274a592ebdc6b41ca039864b27abc1af6ea2dee14c53f9f4f25c8a3f38925c6171939fe83d6f9b7801f2a485d539053c5a6a9e005a24be5
  languageName: node
  linkType: hard

"@octokit/rest@npm:^16.15.0":
  version: 16.37.0
  resolution: "@octokit/rest@npm:16.37.0"
  dependencies:
    "@octokit/request": ^5.2.0
    "@octokit/request-error": ^1.0.2
    atob-lite: ^2.0.0
    before-after-hook: ^2.0.0
    btoa-lite: ^1.0.0
    deprecation: ^2.0.0
    lodash.get: ^4.4.2
    lodash.set: ^4.3.2
    lodash.uniq: ^4.5.0
    octokit-pagination-methods: ^1.1.0
    once: ^1.4.0
    universal-user-agent: ^4.0.0
  checksum: 38ad191116b141b3ca00becb4e694d404d301168893f63def32cab24b60fc9a56a072baf609c9c5efdd9e9ec4289ad63a8198d60d348e749e58425b22cc8f6eb
  languageName: node
  linkType: hard

"@octokit/types@npm:^2.0.0":
  version: 2.1.0
  resolution: "@octokit/types@npm:2.1.0"
  dependencies:
    "@types/node": ">= 8"
  checksum: 17fa890e70dc378c696fd6c5bb92b2de3af2667a61b96ce8c0882e5d2d5de9abcf3291eca95b4228261e2d12bb27b68f1764fb04be2b5604a0cd32313a45d9ae
  languageName: node
  linkType: hard

"@types/node@npm:>= 8, @types/node@npm:^13.1.8":
  version: 13.1.8
  resolution: "@types/node@npm:13.1.8"
  checksum: 0dbe0a416ce3812115c169a0efd67558a373541e61d1cdb627b3d0a180c8fe892a0480c9fff338ffe0dc915958b3664385f14babea3346624557da5bbd8439f9
  languageName: node
  linkType: hard

"ansi-styles@npm:^3.2.1":
  version: 3.2.1
  resolution: "ansi-styles@npm:3.2.1"
  dependencies:
    color-convert: ^1.9.0
  checksum: 6f99bc6ac278aa5c51543d30aeaeab2b6c3de468d1a23504c1e818283680d0f310bb49a59162bc1b0b81e9b5f2dfa60326791a02b82e5d7cf6803e5b922ea142
  languageName: node
  linkType: hard

"argparse@npm:^1.0.7":
  version: 1.0.10
  resolution: "argparse@npm:1.0.10"
  dependencies:
    sprintf-js: ~1.0.2
  checksum: f0b382b138049618e7958f6345a52b33e673e7ca6baa7c4efa758938a4b586e40467cc198a8b3fda9a8f627078fb46bfe5933fc507d5a07a75d2145e706466d3
  languageName: node
  linkType: hard

"atob-lite@npm:^2.0.0":
  version: 2.0.0
  resolution: "atob-lite@npm:2.0.0"
  checksum: 6e2aca17c4e752a14d724a3fe4be5f60d3affaa7a567d4902ef9d61c1179f57a973e3889387a5cb24447193ffc40046f6b09839d413cea932a2382d754d863f6
  languageName: node
  linkType: hard

"azure-pipelines-task-lib@npm:^2.9.3":
  version: 2.9.3
  resolution: "azure-pipelines-task-lib@npm:2.9.3"
  dependencies:
    minimatch: 3.0.4
    mockery: ^1.7.0
    q: ^1.1.2
    semver: ^5.1.0
    shelljs: ^0.3.0
    uuid: ^3.0.1
  checksum: 4f2a1b482ed06b0cde3f0c7fbb6b059762915676b11e862d548d6e93aab1e0349bfb21788079e3d7c01917e9b259861b6f75044d3c70986ab3909ea2b6c26a35
  languageName: node
  linkType: hard

"balanced-match@npm:^1.0.0":
  version: 1.0.0
  resolution: "balanced-match@npm:1.0.0"
  checksum: 6a1a4021cc9cb35182852582ed42470041430842bbc9d3dfad9536fca203281e4bc6316a017a0b876df0acb8d0d83daa22d5c6483108869c0895582525af9f60
  languageName: node
  linkType: hard

"before-after-hook@npm:^2.0.0":
  version: 2.1.0
  resolution: "before-after-hook@npm:2.1.0"
  checksum: 8a04bb0100894153df515832caaefac3273ddbc389b90c638516ce2b7d547c0bfc3ca7f252e8d2877343816cac50c6e2b218f996bc04b38d72abd7b7f152d0c1
  languageName: node
  linkType: hard

"brace-expansion@npm:^1.1.7":
  version: 1.1.11
  resolution: "brace-expansion@npm:1.1.11"
  dependencies:
    balanced-match: ^1.0.0
    concat-map: 0.0.1
  checksum: 6bf044764309bad6d15c6eabc39e93701643b00192439251afe8b4e0c08f941b840f3c8844b163fc307111459121712fb74e40073ddffb0358f8a640f14ba7b1
  languageName: node
  linkType: hard

"btoa-lite@npm:^1.0.0":
  version: 1.0.0
  resolution: "btoa-lite@npm:1.0.0"
  checksum: c9e9a2911d7decc200ef974102390ef582eec59bcaad0f4acdf34a42cb49ba0dcc499f3291a360d08d66b54263c86d333777625a8b71cc09818f7744da62183a
  languageName: node
  linkType: hard

"builtin-modules@npm:^1.1.1":
  version: 1.1.1
  resolution: "builtin-modules@npm:1.1.1"
  checksum: ea05c1b6f4a8099f7cd5b194ceee2ea9685f7bd04b3b65b7896947c91321573d05140363f4f7ee4cb84ecdbe48daee27510cbf6d25fb0886764f4c3f24f9892b
  languageName: node
  linkType: hard

"chalk@npm:^2.0.0, chalk@npm:^2.3.0":
  version: 2.4.2
  resolution: "chalk@npm:2.4.2"
  dependencies:
    ansi-styles: ^3.2.1
    escape-string-regexp: ^1.0.5
    supports-color: ^5.3.0
  checksum: 06d1d94779a0e08fe03ef15676ae30e973d7269017d3b1e6d06a3bb81e70a3a6b0c26d5743e94b4dfc21a852884306759b8b8c4fe98d72204ed678413beb21f3
  languageName: node
  linkType: hard

"child_process@npm:^1.0.2":
  version: 1.0.2
  resolution: "child_process@npm:1.0.2"
  checksum: 438f0b74c5d99834943ad17249621afe1f7df696ea97ac6ef952181dd00a9fa5100a29586ba8c3f3bf32e194e1f7ff664f42ee86456fae0ad6b1888f1d2b148b
  languageName: node
  linkType: hard

"cli@npm:~1.0.0":
  version: 1.0.1
  resolution: "cli@npm:1.0.1"
  dependencies:
    exit: 0.1.2
    glob: ^7.1.1
  checksum: c27e3e55f8574ba56e06c80cf4013dfb639a1d654981913e57e424c6be7a66c98a780e9f5641b3d6559c76cd0a302fbffe11ab0ecbc318668222c72b1a6e68ca
  languageName: node
  linkType: hard

"cloudbuild-task-azp@workspace:cloudbuild-task-azp":
  version: 0.0.0-use.local
  resolution: "cloudbuild-task-azp@workspace:cloudbuild-task-azp"
  dependencies:
    "@types/node": ^13.1.8
    azure-pipelines-task-lib: ^2.9.3
    cloudbuild-task-contracts: "workspace:cloudbuild-task-contracts"
    jshint: ^2.11.0
    tslint: ^6.0.0
    typescript: ^3.7.5
  languageName: unknown
  linkType: soft

"cloudbuild-task-contracts@workspace:cloudbuild-task-contracts":
  version: 0.0.0-use.local
  resolution: "cloudbuild-task-contracts@workspace:cloudbuild-task-contracts"
  dependencies:
    "@types/node": ^13.1.8
    jshint: ^2.11.0
    tslint: ^6.0.0
    typescript: ^3.7.5
  languageName: unknown
  linkType: soft

"cloudbuild-task-github-actions@workspace:cloudbuild-task-github-actions":
  version: 0.0.0-use.local
  resolution: "cloudbuild-task-github-actions@workspace:cloudbuild-task-github-actions"
  dependencies:
    "@actions/core": ^1.0.0
    "@actions/exec": ^1.0.0
    "@actions/github": ^1.0.0
    "@actions/io": ^1.0.0
    "@actions/tool-cache": ^1.0.0
    "@types/node": ^13.1.8
    cloudbuild-task-contracts: "workspace:cloudbuild-task-contracts"
    jshint: ^2.11.0
    tslint: ^6.0.0
    typescript: ^3.7.5
  languageName: unknown
  linkType: soft

"cloudbuild-task-local@workspace:cloudbuild-task-local":
  version: 0.0.0-use.local
  resolution: "cloudbuild-task-local@workspace:cloudbuild-task-local"
  dependencies:
    "@types/node": ^13.1.8
    child_process: ^1.0.2
    cloudbuild-task-contracts: "workspace:cloudbuild-task-contracts"
    jshint: ^2.11.0
    tslint: ^6.0.0
    typescript: ^3.7.5
  languageName: unknown
  linkType: soft

"cloudbuild-task@workspace:.":
  version: 0.0.0-use.local
  resolution: "cloudbuild-task@workspace:."
  languageName: unknown
  linkType: soft

"color-convert@npm:^1.9.0":
  version: 1.9.3
  resolution: "color-convert@npm:1.9.3"
  dependencies:
    color-name: 1.1.3
  checksum: 3162a5f034dea55c0ebb3a152e1b8cdf926a9bbada4f6c5eefd7b750810edc019dade72285f669d738cfb07375e17ba2171d22475ab85652b8b7dcf1cf0cc6f1
  languageName: node
  linkType: hard

"color-name@npm:1.1.3":
  version: 1.1.3
  resolution: "color-name@npm:1.1.3"
  checksum: ad6a0e4beb3232906aeba6213234071ca26f463ac748feb897725cbd0f420a0e71962f9627566afc4716e63455f88a35641342302b8d130402cbbea8f6bf8e1e
  languageName: node
  linkType: hard

"commander@npm:^2.12.1":
  version: 2.20.3
  resolution: "commander@npm:2.20.3"
  checksum: eae98d97c0a3a59096be01418e7d882978bbc0c9b8921db75e9907a738dd764ecca833950a883fa1a81d9149e7492bc65af0adaef17f5b112558c176089062bd
  languageName: node
  linkType: hard

"concat-map@npm:0.0.1":
  version: 0.0.1
  resolution: "concat-map@npm:0.0.1"
  checksum: b295d07d6ac4f0e3fe511fce7ac74c5f6583e67bace249c32c6b2baa44b2c6220c7c177c9e44954485f37b7e7ec6a6a231447b62137d0fb56b44a7e871ac33e3
  languageName: node
  linkType: hard

"console-browserify@npm:1.1.x":
  version: 1.1.0
  resolution: "console-browserify@npm:1.1.0"
  dependencies:
    date-now: ^0.1.4
  checksum: 579aa88fd385a0b3d495a902ee0dac97b29596593de70c8c18da84bb24478b03597d337a104aac331d8c4b505925d16c1e46406d2ed66718aff67b139806d8d9
  languageName: node
  linkType: hard

"core-util-is@npm:~1.0.0":
  version: 1.0.2
  resolution: "core-util-is@npm:1.0.2"
  checksum: b2aeb723279455a85125383b7067e66d650187adee4151b6587bc28d8334c9d5ebbc6e4bd6c344355191865e1add46fdec83f2a7f4d83889cfe7e586d9fd50b6
  languageName: node
  linkType: hard

"cross-spawn@npm:^6.0.0":
  version: 6.0.5
  resolution: "cross-spawn@npm:6.0.5"
  dependencies:
    nice-try: ^1.0.4
    path-key: ^2.0.1
    semver: ^5.5.0
    shebang-command: ^1.2.0
    which: ^1.2.9
  checksum: 5103fd3ec3c3d914d78190d1b7021bcca3f66d1c35008f67a696884a7d8c74a415158110436610abaae044d7351ecf8d71bb66872e88bbd80525b013b5b44256
  languageName: node
  linkType: hard

"date-now@npm:^0.1.4":
  version: 0.1.4
  resolution: "date-now@npm:0.1.4"
  checksum: 3124b7d95c8fc4ca4061edeefb22b838a6279b37f8b4d49dff71d4f5ebf27c867b3331b2f14b1c4943c4dd4753d667030ce8a83640a67aac6376083af81c7262
  languageName: node
  linkType: hard

"deprecation@npm:^2.0.0":
  version: 2.3.1
  resolution: "deprecation@npm:2.3.1"
  checksum: 5197d8f4426eb3e25f1a002146eac3450f09a350f12b7a53b07ce8ec74e138e955c5420010cd30e2cd230f33e42c957112950e2e9fb341b2dac678fad08828ec
  languageName: node
  linkType: hard

"diff@npm:^4.0.1":
  version: 4.0.2
  resolution: "diff@npm:4.0.2"
  checksum: 8231aecbbdea8434867bbff2a619aa224706f2a420aa75d3195b010a70ac123c253a6f759c450f9d91d4ac7eb422f818fb97a69ec804d44279a0415b1a4794d0
  languageName: node
  linkType: hard

"dom-serializer@npm:0":
  version: 0.2.2
  resolution: "dom-serializer@npm:0.2.2"
  dependencies:
    domelementtype: ^2.0.1
    entities: ^2.0.0
  checksum: 322c202e424afaede5143cff5a82d41afb857019074d7cf71ad7f4e053634f3c7bf350e039beba9664f232e42f138d0c192bf00d3573445216f79be1d7b2443a
  languageName: node
  linkType: hard

"domelementtype@npm:1":
  version: 1.3.1
  resolution: "domelementtype@npm:1.3.1"
  checksum: 629916b0e687f19e347e82d02d9b027e7e913af18933604af7267fae769111177706cd429aa7afb6f6e9e205a7ede61b1decccdf88e042234136141cd79f8fcd
  languageName: node
  linkType: hard

"domelementtype@npm:^2.0.1":
  version: 2.0.1
  resolution: "domelementtype@npm:2.0.1"
  checksum: 46e18e32ae0c555099be6c985c3ebf85a6b8cf0400e6b2952008ce6a9e6dedebcef207edfa9b414e3eaa0a5b3034d2495d37d1ad4298ba901645658747b9e195
  languageName: node
  linkType: hard

"domhandler@npm:2.3":
  version: 2.3.0
  resolution: "domhandler@npm:2.3.0"
  dependencies:
    domelementtype: 1
  checksum: 3a6202cd226443818124d0402adbb5c332568f41810003aa1e4f9d7470aaa518ce961a1b3bf63ef0be6eb8f5a04763219b9f02d7e010e485f4cbce8117c3d0f1
  languageName: node
  linkType: hard

"domutils@npm:1.5":
  version: 1.5.1
  resolution: "domutils@npm:1.5.1"
  dependencies:
    dom-serializer: 0
    domelementtype: 1
  checksum: e20cf7ab988002fc4ecf5a5dee0737cf24f289f9dd36b4a4bf70a1793cd9db473b8d2d3e4e54d04f8e4b150753b4c5a51d62dfce498301e7fa93407b156ce61e
  languageName: node
  linkType: hard

"end-of-stream@npm:^1.1.0":
  version: 1.4.4
  resolution: "end-of-stream@npm:1.4.4"
  dependencies:
    once: ^1.4.0
  checksum: a25dcd0d559363e7c63cce300e4224473fc5f8bf8d363c0b81c6b61b4773358463bac99dfd0b7146e79ebce591cd92fd608720325436cd3b6b31eacc9e9e859b
  languageName: node
  linkType: hard

"entities@npm:1.0":
  version: 1.0.0
  resolution: "entities@npm:1.0.0"
  checksum: dc33a87a62d9274cc65a9d19a2b3d07e93735a0a4b1e22f2030ab82da5aef86862f7957700dd0e4823e52077fa190b065c355986defe3ec17f3d7d6938b3fef5
  languageName: node
  linkType: hard

"entities@npm:^2.0.0":
  version: 2.0.0
  resolution: "entities@npm:2.0.0"
  checksum: 206592bd41a8e8428cc89ecea6cbad1811f8b6f76170dce423ab10cd0d685f1bb63e0ea9f6b9218bfb3a5c2528b5db451f512e4a4ffaff56893e8f749719a614
  languageName: node
  linkType: hard

"escape-string-regexp@npm:^1.0.5":
  version: 1.0.5
  resolution: "escape-string-regexp@npm:1.0.5"
  checksum: 31da9adff9694f7b63c0542462267656e1d4dcac66a91551781d1ad2554d6641685ff812acc717cd467676af57be458a466d34b086e900354b38dde8724c8046
  languageName: node
  linkType: hard

"esprima@npm:^4.0.0":
  version: 4.0.1
  resolution: "esprima@npm:4.0.1"
  bin:
    esparse: ./bin/esparse.js
    esvalidate: ./bin/esvalidate.js
  checksum: a9bec67e9a3dfccc29a2d54c65a3210129668b3eeae7fe296145bc564c963c4d1d7be101dd13fbe65000414ac07f35bd2f85ac9d3254016e5a2f3aa13d18caf1
  languageName: node
  linkType: hard

"esutils@npm:^2.0.2":
  version: 2.0.3
  resolution: "esutils@npm:2.0.3"
  checksum: 03ee97b57d062884ec31397f1d771ad999b56abd56d1fff56b29f8c61ccabde47adb36e3eaa357318de085252fda2cbc8f82c60fd07b2fd02e2e1c6c3e689052
  languageName: node
  linkType: hard

"execa@npm:^1.0.0":
  version: 1.0.0
  resolution: "execa@npm:1.0.0"
  dependencies:
    cross-spawn: ^6.0.0
    get-stream: ^4.0.0
    is-stream: ^1.1.0
    npm-run-path: ^2.0.0
    p-finally: ^1.0.0
    signal-exit: ^3.0.0
    strip-eof: ^1.0.0
  checksum: 4c8005b1192433dd9cb42c0b2e3d616d8f5def85f38906bb644b8468c44824b5f2f8b265661e2f6ed7ba87cb7ae2e6aa66a96ae5093d8feca99fa51ac30b3783
  languageName: node
  linkType: hard

"exit@npm:0.1.2, exit@npm:0.1.x":
  version: 0.1.2
  resolution: "exit@npm:0.1.2"
  checksum: 78b113ca759a78d7add77a88fb0fe4f4a4cddd3e58b01e043dee4afa91fb71035d65ccdb8a708e35c5f903bcff8087f73263f1d5ce599823a1e01f7a1f02f28b
  languageName: node
  linkType: hard

"fs.realpath@npm:^1.0.0":
  version: 1.0.0
  resolution: "fs.realpath@npm:1.0.0"
  checksum: 7838256cafb93ee7a40754e7fdcae9c6e57b12528e22ae51a10bc6161ad6a647931dd99aa95ddf3a4ce8501766f78e57a56ed010043dddf8dddb4ad5af616acb
  languageName: node
  linkType: hard

"get-stream@npm:^4.0.0":
  version: 4.1.0
  resolution: "get-stream@npm:4.1.0"
  dependencies:
    pump: ^3.0.0
  checksum: e3ff150d54d0e0052f7d85f9be060182cb2b3313721ca757af0f90e4399bdd80992727245b4e731bc5edbb4f67a51a3489ab7ad9ebb0b3560ce1d925985151e8
  languageName: node
  linkType: hard

"glob@npm:^7.1.1":
  version: 7.1.6
  resolution: "glob@npm:7.1.6"
  dependencies:
    fs.realpath: ^1.0.0
    inflight: ^1.0.4
    inherits: 2
    minimatch: ^3.0.4
    once: ^1.3.0
    path-is-absolute: ^1.0.0
  checksum: 1e4476a9b7a81eec0bcfee78de4c27a40d2bde349eb04a63c58636acf8dc5ad8c68bc47c841bf7de5fde22696b1d2a737ada65e66c2359a0b3195fafc1316814
  languageName: node
  linkType: hard

"has-flag@npm:^3.0.0":
  version: 3.0.0
  resolution: "has-flag@npm:3.0.0"
  checksum: c69624d2a38d77d4d715b40932cd55635426d75c7c0e72a609a67b4d251905517ca6d1ff6f69ee3b0cfa95a39b31e25af9e3fe04f46b092699ea5f26371d14ab
  languageName: node
  linkType: hard

"htmlparser2@npm:3.8.x":
  version: 3.8.3
  resolution: "htmlparser2@npm:3.8.3"
  dependencies:
    domelementtype: 1
    domhandler: 2.3
    domutils: 1.5
    entities: 1.0
    readable-stream: 1.1
  checksum: a11c67b87ad8891e1ba671a17f9016905ac34965ce5f06581af08d487b5819527428267ddacbe5f9d26a24200f98b524606326954fb165ff5416c36ec355d0d9
  languageName: node
  linkType: hard

"inflight@npm:^1.0.4":
  version: 1.0.6
  resolution: "inflight@npm:1.0.6"
  dependencies:
    once: ^1.3.0
    wrappy: 1
  checksum: 4ae4f2a43120647487d1650aaecd81044692397040d46d38257c349f142889be56ffb23f599c09dadc4287baeb4f3381e304e7eef111d7c7fec00def06111c4c
  languageName: node
  linkType: hard

"inherits@npm:2, inherits@npm:~2.0.1":
  version: 2.0.4
  resolution: "inherits@npm:2.0.4"
  checksum: d11734fde3095ce63e83a4be33779c8597b0c95edec3efcadf9a78a9312a520028e25acb2d126656005791550f9f2e17de3ea6abeb026fa24627401e5e174d6c
  languageName: node
  linkType: hard

"is-plain-object@npm:^3.0.0":
  version: 3.0.0
  resolution: "is-plain-object@npm:3.0.0"
  dependencies:
    isobject: ^4.0.0
  checksum: 6938e143a6f1da126f9baeb2670b84d96bcdd24d152c1a5a7224bc131b7e7bdc446ae90d9132a75f08f69b0839d33ee9d07cdb661bb7ec9c3359e215feca7807
  languageName: node
  linkType: hard

"is-stream@npm:^1.1.0":
  version: 1.1.0
  resolution: "is-stream@npm:1.1.0"
  checksum: 0c43bc68eb748e970e6df1163a52ce9ec37bfa4c0161557b4524d640ac414934c74427ae8f49c91f55c7fac807f4407a0eb5c7b24ac0b9e78f203aa706bc4cfa
  languageName: node
  linkType: hard

"isarray@npm:0.0.1":
  version: 0.0.1
  resolution: "isarray@npm:0.0.1"
  checksum: 86e6b850bfa7b1851b557982f80e35dd4dfe972828b0b1a90ec0e51199d6b4f435953756b03002721f5e43ea4ebc5d6bad05c5c1e158c3ff2cdf749f67e067ee
  languageName: node
  linkType: hard

"isexe@npm:^2.0.0":
  version: 2.0.0
  resolution: "isexe@npm:2.0.0"
  checksum: 1f6f7ccf6206a544097e27f04018fbd4fdb45d71eadac305d4b60cc18668d35c970d3c0bfadc4b348dd603d5536496a5634dd5f64792ea5e745c62cbc0ce9730
  languageName: node
  linkType: hard

"isobject@npm:^4.0.0":
  version: 4.0.0
  resolution: "isobject@npm:4.0.0"
  checksum: c6ebe53854494f64a3d7dd6cc203d0c935861605291807f2d0fe5e08253809c1752cc09e39866c1a18c52c4efccd19188d56bcd736749dc76e4ead9be2c59d22
  languageName: node
  linkType: hard

"js-tokens@npm:^4.0.0":
  version: 4.0.0
  resolution: "js-tokens@npm:4.0.0"
  checksum: b6b6b65a47500e55103e5ed962133b9c999dd14f00c49494b109e0379482d030ae0db629b870af4f9023991b21a3055749653fb836736f9c2a76046399e8d84a
  languageName: node
  linkType: hard

"js-yaml@npm:^3.13.1":
  version: 3.13.1
  resolution: "js-yaml@npm:3.13.1"
  dependencies:
    argparse: ^1.0.7
    esprima: ^4.0.0
  bin:
    js-yaml: bin/js-yaml.js
  checksum: 4860a95f2baf230cda4bb5f3fc06e7bb504324f75732c683d625cfeb987686b40bb68ad838960ad6e39d152e790d75dba380c31032757968c75a1eeecdec8b63
  languageName: node
  linkType: hard

"jshint@npm:^2.11.0":
  version: 2.11.0
  resolution: "jshint@npm:2.11.0"
  dependencies:
    cli: ~1.0.0
    console-browserify: 1.1.x
    exit: 0.1.x
    htmlparser2: 3.8.x
    lodash: ~4.17.11
    minimatch: ~3.0.2
    shelljs: 0.3.x
    strip-json-comments: 1.0.x
  bin:
    jshint: ./bin/jshint
  checksum: 7cc1967a817b50a7dfa0bf96f72ed7892546b4f44059f81b5778b78fd003ddbd9a0d1b99ad93f6ee8f862a27f5d30100a3844fe7cb09d6f9289d6752ac715660
  languageName: node
  linkType: hard

"lodash.get@npm:^4.4.2":
  version: 4.4.2
  resolution: "lodash.get@npm:4.4.2"
  checksum: 37d69a668f582807bb89c5d53664c798aaa5e52ba131b9bed9af4fead1b753a32404bf63cdc68ca774ae776f832ec830ed692059dedeec3165f8b235451f1a6b
  languageName: node
  linkType: hard

"lodash.set@npm:^4.3.2":
  version: 4.3.2
  resolution: "lodash.set@npm:4.3.2"
  checksum: 924322b53ff419292b63e50a5392c2cfe9577c432a6308b7a6eeb4b7447a1639f870977a18dc472b9bd41b6f2f660b0f0a0b86916e5d25e2dd5383454f235aa3
  languageName: node
  linkType: hard

"lodash.uniq@npm:^4.5.0":
  version: 4.5.0
  resolution: "lodash.uniq@npm:4.5.0"
  checksum: 2564aebb4a889ed046b82420e9dd4fd725791212bbcbebfbc13678846a2f2448ae62a91a1a3519c5cac8ba87b06dd429a78cf7e957f066587792d49cf4066590
  languageName: node
  linkType: hard

"lodash@npm:~4.17.11":
  version: 4.17.15
  resolution: "lodash@npm:4.17.15"
  checksum: b018ec8d4c95f14a4b57005a247eca1bc25639322939471a1958d3bc721b4f18e90edb6ea564854593a8bc1f94956a0352cf0cd372991b98c42d61c0cd11e5a3
  languageName: node
  linkType: hard

"macos-release@npm:^2.2.0":
  version: 2.3.0
  resolution: "macos-release@npm:2.3.0"
  checksum: 5f7567f955e30ad68b9a679de58ff458a39a4210103899e8adeec457c2ad2162831536f4763295f2d9ac965e4bb3cac005d842aacf83570a4608da8b11129eb6
  languageName: node
  linkType: hard

"minimatch@npm:3.0.4, minimatch@npm:^3.0.4, minimatch@npm:~3.0.2":
  version: 3.0.4
  resolution: "minimatch@npm:3.0.4"
  dependencies:
    brace-expansion: ^1.1.7
  checksum: c32249a40b1dbbb8d836495877d91874fcf6ce9c287409c41bcb3efe5ad67e21512a459a4ae3ce9b32e1df376c1cde14cbe9fe3ba17f703c2b253993577f4ccf
  languageName: node
  linkType: hard

"minimist@npm:0.0.8":
  version: 0.0.8
  resolution: "minimist@npm:0.0.8"
  checksum: 007f9b6af3b3eeb48eb7f8df6384e57daa112db8cae745f55539835e1900eab0242cca890cb4420e7361bcad397eba316b24317d995b1f452c1486cf6fb09934
  languageName: node
  linkType: hard

"mkdirp@npm:^0.5.1":
  version: 0.5.1
  resolution: "mkdirp@npm:0.5.1"
  dependencies:
    minimist: 0.0.8
  bin:
    mkdirp: bin/cmd.js
  checksum: ab0413777774b9c8255bce8e43b4e355bf329f7da0e3db007d6d370567cd82a858bd2aff028b7c5d39ff19bfd26b3c29d8e7ae706bd768a114ae95fbc9311b51
  languageName: node
  linkType: hard

"mockery@npm:^1.7.0":
  version: 1.7.0
  resolution: "mockery@npm:1.7.0"
  checksum: 156eb3279b6e47c65977c7ac3d2ad4d35e758dd044865db9d2d476dc7e3c4d6a1a89660e814aae1d18247d11145a4d50b1b53bf5af14f26cf902bf63d76b8b40
  languageName: node
  linkType: hard

"nice-try@npm:^1.0.4":
  version: 1.0.5
  resolution: "nice-try@npm:1.0.5"
  checksum: 67ed974ae082d8efabbd1e4c0b052bb651efd43db7efba36ef2f32699bafae51bfd5f7bab8ae2ba528f060943e902fb42d5b9c68b8ea0e432246beac8ea2360c
  languageName: node
  linkType: hard

"node-fetch@npm:^2.3.0":
  version: 2.6.0
  resolution: "node-fetch@npm:2.6.0"
  checksum: 62de03bca8db6d39d2ec3baf51a3c7805a7cb1669dcfcfd0f0dc09b891e8673c80e71abaed8969f6f92401130824706e9103350a2bcc961dab629024781f0fd2
  languageName: node
  linkType: hard

"npm-run-path@npm:^2.0.0":
  version: 2.0.2
  resolution: "npm-run-path@npm:2.0.2"
  dependencies:
    path-key: ^2.0.0
  checksum: 209cab1259d0380dba8065603e120b29fdf167678d86c832fde853bf89de6cf85c64bb9aa1be04ae0237dd6b1fc469632554107c1d9961ec35ce07d9c5d3b5f5
  languageName: node
  linkType: hard

"octokit-pagination-methods@npm:^1.1.0":
  version: 1.1.0
  resolution: "octokit-pagination-methods@npm:1.1.0"
  checksum: 1115d14e3c5b55a927094ebc6fe9f3f7b4a62bee14aa1d5ba3e7ce5ee64b1be70168ef12eb353947092914f8b44501d0c3786a9d28e330aff71e0f08eb4b6e61
  languageName: node
  linkType: hard

"once@npm:^1.3.0, once@npm:^1.3.1, once@npm:^1.4.0":
  version: 1.4.0
  resolution: "once@npm:1.4.0"
  dependencies:
    wrappy: 1
  checksum: 47a04404e9aa3a209a7e536b199780fe75aba04df0a035b221285f2f703d0ab58286ffb402ff7cb5a3b894d0e86685eb4fc2766ce7a19555c14221437f248c03
  languageName: node
  linkType: hard

"os-name@npm:^3.0.0, os-name@npm:^3.1.0":
  version: 3.1.0
  resolution: "os-name@npm:3.1.0"
  dependencies:
    macos-release: ^2.2.0
    windows-release: ^3.1.0
  checksum: 63572694e763b4faadbf2468f0b0a2827ef377b6cb05a40f00aec2f82b49f91499bedbe68669060913db97df56840c90954b8b7964cecde381db7763589f89f0
  languageName: node
  linkType: hard

"p-finally@npm:^1.0.0":
  version: 1.0.0
  resolution: "p-finally@npm:1.0.0"
  checksum: fe1770b0c3a3d21013a4b1754458bfdca7c145c65adb4a8d19892c2376d2daf195c572aef07c0a7753b3c552a47d3310193462c95b5eb4ff6e0397d889078c3f
  languageName: node
  linkType: hard

"path-is-absolute@npm:^1.0.0":
  version: 1.0.1
  resolution: "path-is-absolute@npm:1.0.1"
  checksum: 0e197d7cfa28209bce077b65646e21beb9a9980cc2b57efa4a4bf3b3331ec003f823bfec0948326264a2cbc57645a666cf911eb5d949d627d9e788280cccaa07
  languageName: node
  linkType: hard

"path-key@npm:^2.0.0, path-key@npm:^2.0.1":
  version: 2.0.1
  resolution: "path-key@npm:2.0.1"
  checksum: c89ee103cdc74ba8a5772cb56e9f1346cc7eae0789c4f9cb01ba5e6d501c2642900538e444ba26284a3a52fc01b9f1d70c7270d638c3cf37c25958ebf860be4e
  languageName: node
  linkType: hard

"path-parse@npm:^1.0.6":
  version: 1.0.6
  resolution: "path-parse@npm:1.0.6"
  checksum: 02894a9a2dd29ba61ce0f79c0cbb230869d16e3129eea46ee1195d6bed370806f254a51f494ad51d5bab4e494ea0a9040819923bec3be586b1f9004a70c65a3a
  languageName: node
  linkType: hard

"pump@npm:^3.0.0":
  version: 3.0.0
  resolution: "pump@npm:3.0.0"
  dependencies:
    end-of-stream: ^1.1.0
    once: ^1.3.1
  checksum: 09633ba0f0d3d09f68afa6d7ad46e05e4860ec0549d9e55a87baa28fca048c3b87d1debdf1b3fac9bbbd21cdb0c3e11c527cb63471569cf88bcc0daeb466b32e
  languageName: node
  linkType: hard

"q@npm:^1.1.2":
  version: 1.5.1
  resolution: "q@npm:1.5.1"
  checksum: 682747025c3186732333cdbae0493fe45f9ed134553aed39776a3afac473987b4fb5a6effe5e0c3e737349f1cab7d851035e6be12e62ec10b8862e5ed54e2dfc
  languageName: node
  linkType: hard

"readable-stream@npm:1.1":
  version: 1.1.13
  resolution: "readable-stream@npm:1.1.13"
  dependencies:
    core-util-is: ~1.0.0
    inherits: ~2.0.1
    isarray: 0.0.1
    string_decoder: ~0.10.x
  checksum: b85752d1c9dcfac5cdbf0f74f21ef66aa0831a6117d5fa1fae372f51c4d17ffea8623dd73f6dfc1b803f3c3ab1be5108c6f84661fb9a52a9284c2b1e94f90555
  languageName: node
  linkType: hard

resolve@^1.3.2:
  version: 1.14.2
  resolution: "resolve@npm:1.14.2"
  dependencies:
    path-parse: ^1.0.6
  checksum: 68a8f9e214b0d88e05ba3f4348381223116d0ec8380825533e57b38b82aa82897424fd62084f41c5345778793b0113d411a56e1430b374642247796534a03456
  languageName: node
  linkType: hard

"resolve@patch:resolve@^1.3.2#builtin<compat/resolve>":
  version: 1.14.2
  resolution: "resolve@patch:resolve@npm%3A1.14.2#builtin<compat/resolve>::version=1.14.2&hash=8fccd0"
  dependencies:
    path-parse: ^1.0.6
  checksum: 7bd9b6caba9dea7909320b8ec4e5dc08fb7c64fe4f97909d0bc54e43832addc84841adc0046c401a4369d05ae736dfb0ac5f079fe17dfec3ad3e4c7b999ec7d0
  languageName: node
  linkType: hard

"semver@npm:^5.1.0, semver@npm:^5.3.0, semver@npm:^5.5.0":
  version: 5.7.1
  resolution: "semver@npm:5.7.1"
  bin:
    semver: ./bin/semver
  checksum: dce4680e58a60e12fd7ec1f274635267206e466eaca54e3238f7c49baf33ba07aae8fe8f002a0cf6ec3e8c6f1ccbf158e8f59acc89c1777063e93eb239fe8b76
  languageName: node
  linkType: hard

"semver@npm:^6.1.0":
  version: 6.3.0
  resolution: "semver@npm:6.3.0"
  bin:
    semver: ./bin/semver.js
  checksum: a6207299968942b97da5b31d6499c4152c21157bbbfb35bf9efa308382d1de101b6c5beb481fb77c6ac680854fe9c083062fec6d72ab2a964636b77dd55e1746
  languageName: node
  linkType: hard

"shebang-command@npm:^1.2.0":
  version: 1.2.0
  resolution: "shebang-command@npm:1.2.0"
  dependencies:
    shebang-regex: ^1.0.0
  checksum: 3d830f3ad0c796f671ad3a8a0ed9ac75a52b21a2f0cfc1e0675fb4d0530e332b10a3b0171f63ef6a2efa14dd7f92a3d03c49927afc9b3529830628671fade78a
  languageName: node
  linkType: hard

"shebang-regex@npm:^1.0.0":
  version: 1.0.0
  resolution: "shebang-regex@npm:1.0.0"
  checksum: fba9381f369e3e5e30e4e1353164243575a82f9b4b0010fc43dab33e7341d86032f9fdc6aa2d122f0737fce69a3c6544c295d9787aa4d522bc24ac1fcaac69d6
  languageName: node
  linkType: hard

"shelljs@npm:0.3.x, shelljs@npm:^0.3.0":
  version: 0.3.0
  resolution: "shelljs@npm:0.3.0"
  bin:
    shjs: ./bin/shjs
  checksum: c08b38a784188ad360eb28e9d8e84e163481a245f7c3fbb550de7fa2868bbb063406196f82dec909cd46da5161b229edf36bcb84ef9ab1cd57ff97905137a9ca
  languageName: node
  linkType: hard

"signal-exit@npm:^3.0.0":
  version: 3.0.2
  resolution: "signal-exit@npm:3.0.2"
  checksum: b3d9a5567188a680bdb67fb996c2ffe49dfb1db5295d4e55e34ce77ca8e7a9f3f81672b71279fed5dcb2057afd133a5a7d5bd4de4652a8714c668460900f183c
  languageName: node
  linkType: hard

"sprintf-js@npm:~1.0.2":
  version: 1.0.3
  resolution: "sprintf-js@npm:1.0.3"
  checksum: 17cbfc6bf2a82ae6548e3b0b4d3d65b09961cde328feb978b823b22da8a9243477ef3ffe96b64e56d3b333d49aaad0feb55580e27c78a40bc092caf139ff048e
  languageName: node
  linkType: hard

"string_decoder@npm:~0.10.x":
  version: 0.10.31
  resolution: "string_decoder@npm:0.10.31"
  checksum: ba5a62269d7ef0f804eb4e3ad02a4c2466661ffd089c76521c7a8be436618c7022f7388523202d89f174df6a24e832af9b04e7c3e0b8a9a08960e03b8471cffc
  languageName: node
  linkType: hard

"strip-eof@npm:^1.0.0":
  version: 1.0.0
  resolution: "strip-eof@npm:1.0.0"
  checksum: 20a828d78417a6a92db24ed630967d57c1d323d4da159a79bbdf66032374367729f70ee7076094a29723d33e41a2df8617f1e2083ab85f588a9fdf1786e91b11
  languageName: node
  linkType: hard

"strip-json-comments@npm:1.0.x":
  version: 1.0.4
  resolution: "strip-json-comments@npm:1.0.4"
  bin:
    strip-json-comments: cli.js
  checksum: 479c9c0bd52f42a12e779709a2bdbdc9b5d0a6a2cf32aa4f219a64a9cb0b4e4516640d51f0f14557670db9293b5f5efd0b6f3bb5371363dbff7ef0fded40a972
  languageName: node
  linkType: hard

"supports-color@npm:^5.3.0":
  version: 5.5.0
  resolution: "supports-color@npm:5.5.0"
  dependencies:
    has-flag: ^3.0.0
  checksum: a67b9f6071d9b1aa9f7744292580af0ad2210e379534f7e2ab31d3248de5efc8a3555655827bf524f18043f6301061fbe59e13d2e8a9bc11cde4ec885ad3d86c
  languageName: node
  linkType: hard

"tslib@npm:^1.10.0, tslib@npm:^1.8.1":
  version: 1.10.0
  resolution: "tslib@npm:1.10.0"
  checksum: 626387669b38797372530d84df93dafcc0eca2b3bad31b109c7308b2e8d9c4ed0ba94113eb08a6946aa1fbee3b619fb69dd81f8681654bbc806cf8f208caeb47
  languageName: node
  linkType: hard

"tslint@npm:^6.0.0":
  version: 6.0.0
  resolution: "tslint@npm:6.0.0"
  dependencies:
    "@babel/code-frame": ^7.0.0
    builtin-modules: ^1.1.1
    chalk: ^2.3.0
    commander: ^2.12.1
    diff: ^4.0.1
    glob: ^7.1.1
    js-yaml: ^3.13.1
    minimatch: ^3.0.4
    mkdirp: ^0.5.1
    resolve: ^1.3.2
    semver: ^5.3.0
    tslib: ^1.10.0
    tsutils: ^2.29.0
  peerDependencies:
    typescript: ">=2.3.0-dev || >=2.4.0-dev || >=2.5.0-dev || >=2.6.0-dev || >=2.7.0-dev || >=2.8.0-dev || >=2.9.0-dev || >=3.0.0-dev || >= 3.1.0-dev || >= 3.2.0-dev"
  bin:
    tslint: bin/tslint
  checksum: 2d337cf44ec54a53162d01a93fcd8709298faf03ace58de650556a3456493621c527e51ebe6c245cb6d36549afbaa48b9edf803a28f67e4da716a47f7dbd5838
  languageName: node
  linkType: hard

"tsutils@npm:^2.29.0":
  version: 2.29.0
  resolution: "tsutils@npm:2.29.0"
  dependencies:
    tslib: ^1.8.1
  peerDependencies:
    typescript: ">=2.1.0 || >=2.1.0-dev || >=2.2.0-dev || >=2.3.0-dev || >=2.4.0-dev || >=2.5.0-dev || >=2.6.0-dev || >=2.7.0-dev || >=2.8.0-dev || >=2.9.0-dev || >= 3.0.0-dev || >= 3.1.0-dev"
  checksum: 28ac3036571db7885851cc695dfa211098e3842b20513c1939ffb663850c0ac17c93f4f83aa5f57997c0430c7f554caee7b06bf1eb53f9c54162676ccb4c5c37
  languageName: node
  linkType: hard

"tunnel@npm:0.0.6":
  version: 0.0.6
  resolution: "tunnel@npm:0.0.6"
  checksum: 42fe6e9acfd621c74fff4e3cbd255193f8ba2eddca8471e4c5c768ce736879a9c8990eff2a2aa259ac2fa4009a79e11ad3d7084f3c4f5c5c511682dcdf39857d
  languageName: node
  linkType: hard

typescript@^3.7.5:
  version: 3.7.5
  resolution: "typescript@npm:3.7.5"
  bin:
    tsc: bin/tsc
    tsserver: bin/tsserver
  checksum: d95ec853853af51cd766dd56b2495a18893b1a137ba317e10ef35fa4fcfb94e6b84cec6593fd44b67a16efd645619e990f09428cce7caf8cd3d26e736e1f0037
  languageName: node
  linkType: hard

"typescript@patch:typescript@^3.7.5#builtin<compat/typescript>":
  version: 3.7.5
  resolution: "typescript@patch:typescript@npm%3A3.7.5#builtin<compat/typescript>::version=3.7.5&hash=226bd1"
  bin:
    tsc: bin/tsc
    tsserver: bin/tsserver
  checksum: de497e57cffec3ddf3cd6b7e96d62aaeaad18fccee70e8f63bea194210578e74d0c2ec2c1471851c91ce6c2030cca3ce35cf7d10beb2c016de3724e182935333
  languageName: node
  linkType: hard

"universal-user-agent@npm:^2.0.3":
  version: 2.1.0
  resolution: "universal-user-agent@npm:2.1.0"
  dependencies:
    os-name: ^3.0.0
  checksum: f3c1336e8c4afc979a2d23f774df2423423365a5792cf40efa716b5dc4e42509ca768d6589a07fc88e5e3f846f59c5afef2c0aeea4618d52ce3b5a1dd831c3af
  languageName: node
  linkType: hard

"universal-user-agent@npm:^4.0.0":
  version: 4.0.0
  resolution: "universal-user-agent@npm:4.0.0"
  dependencies:
    os-name: ^3.1.0
  checksum: c9e7505b7907e460edbb7ed475acf127b194e91e7157819d8d971574ed01e6eeb1de8c1dd464900213898270a3b16f20619ce450208c2b6a87388c64aa3efe18
  languageName: node
  linkType: hard

"uuid@npm:^3.0.1, uuid@npm:^3.3.2":
  version: 3.4.0
  resolution: "uuid@npm:3.4.0"
  bin:
    uuid: ./bin/uuid
  checksum: 28cbce9f7d0d63229a0a1926bac76d72c22ff21009e5581477c5dad59e00a52ea48f487048476c85fd9dddcd7a29216475d33e4da851ccf8fe04baafe2957c74
  languageName: node
  linkType: hard

"which@npm:^1.2.9":
  version: 1.3.1
  resolution: "which@npm:1.3.1"
  dependencies:
    isexe: ^2.0.0
  bin:
    which: ./bin/which
  checksum: 8c639095289e694cbce93f17662e56f740ceafb8d73cdccf0d2b2968df0e8b9c8ddf16f44711d1d5a5efe4d2091cb3ca06d1afa2db359df48588a71a4b60d0c6
  languageName: node
  linkType: hard

"windows-release@npm:^3.1.0":
  version: 3.2.0
  resolution: "windows-release@npm:3.2.0"
  dependencies:
    execa: ^1.0.0
  checksum: cb2314ef5ce1ccb4461452a6ed054b480816cb398efcbd0ae16989f9dab69cbdd65a88db116589e6a008d36415551c6c4871c60e3050308f01b5ebd9007e3a4f
  languageName: node
  linkType: hard

"wrappy@npm:1":
  version: 1.0.2
  resolution: "wrappy@npm:1.0.2"
  checksum: 0796da084f06bced2351fed9686a7211f4a4b774a7a3b64c7ead1b3bef162b1721f2a1d3fb1268bf2e848c9d743eca189c2a243159a1512d5dfab4b0d4dd60b5
  languageName: node
  linkType: hard
